
Microsoft Visual Studio Solution File, Format Version 12.00
Project("{FAE04EC0-301F-11D3-BF4B-00C04F79EFBC}") = "CodeExpBackend", "CodeExpBackend.csproj", "{AD540CD3-15E5-43FD-86F8-54B378FC0F0C}"
EndProject
Global
	GlobalSection(SolutionConfigurationPlatforms) = preSolution
		Debug|Any CPU = Debug|Any CPU
		Release|Any CPU = Release|Any CPU
	EndGlobalSection
	GlobalSection(ProjectConfigurationPlatforms) = postSolution
		{AD540CD3-15E5-43FD-86F8-54B378FC0F0C}.Debug|Any CPU.ActiveCfg = Debug|Any CPU
		{AD540CD3-15E5-43FD-86F8-54B378FC0F0C}.Debug|Any CPU.Build.0 = Debug|Any CPU
		{AD540CD3-15E5-43FD-86F8-54B378FC0F0C}.Release|Any CPU.ActiveCfg = Release|Any CPU
		{AD540CD3-15E5-43FD-86F8-54B378FC0F0C}.Release|Any CPU.Build.0 = Release|Any CPU
	EndGlobalSection
EndGlobal
